
Microsoft Visual Studio Solution File, Format Version 12.00
# Visual Studio Version 17
VisualStudioVersion = 17.0.31903.59
MinimumVisualStudioVersion = 10.0.40219.1
Project("{2150E333-8FDC-42A3-9474-1A3956D46DE8}") = "Services", "Services", "{2B0B8B09-3A38-4C3D-8DBC-C6850035571A}"
EndProject
Project("{2150E333-8FDC-42A3-9474-1A3956D46DE8}") = "Products", "Products", "{F72608EE-1943-4E51-BE25-3B29373A63C3}"
EndProject
Project("{2150E333-8FDC-42A3-9474-1A3956D46DE8}") = "Payments", "Payments", "{9107B5C3-CC1F-470E-B47A-85786C48C010}"
EndProject
Project("{2150E333-8FDC-42A3-9474-1A3956D46DE8}") = "Core", "Core", "{5EA31A54-4728-40DF-B2AE-C35F1A3F8184}"
EndProject
Project("{2150E333-8FDC-42A3-9474-1A3956D46DE8}") = "PaymentService.Application", "PaymentService.Application", "{C597FABF-C8CD-4A46-9A8D-B88435DF58CD}"
EndProject
Project("{2150E333-8FDC-42A3-9474-1A3956D46DE8}") = "PaymentService.Domain", "PaymentService.Domain", "{4298C217-07E7-45CF-98C8-802413D376C3}"
EndProject
Project("{2150E333-8FDC-42A3-9474-1A3956D46DE8}") = "Infrastructure", "Infrastructure", "{E0DA92DF-B9E7-496C-86AC-CDE967181CCA}"
EndProject
Project("{2150E333-8FDC-42A3-9474-1A3956D46DE8}") = "PaymentService.Infrastructure", "PaymentService.Infrastructure", "{3A2BA398-37AF-46FE-A1E6-215CC28F08ED}"
EndProject
Project("{2150E333-8FDC-42A3-9474-1A3956D46DE8}") = "PaymentService.Persistence", "PaymentService.Persistence", "{4AA4EEE8-98C9-4033-BC49-C57EA05CCD04}"
EndProject
Project("{2150E333-8FDC-42A3-9474-1A3956D46DE8}") = "Presentation", "Presentation", "{532D17E5-E907-458B-A27D-82BE20F3D310}"
EndProject
Project("{2150E333-8FDC-42A3-9474-1A3956D46DE8}") = "PaymentService.EndPoint", "PaymentService.EndPoint", "{184DAE8E-238A-484E-976B-D1026D4301CF}"
EndProject
Project("{2150E333-8FDC-42A3-9474-1A3956D46DE8}") = "Orders", "Orders", "{F40BD4FA-A91C-440F-AF70-E3E6BAC038AA}"
	ProjectSection(SolutionItems) = preProject
		src\Services\Orders\.dockerignore = src\Services\Orders\.dockerignore
	EndProjectSection
EndProject
Project("{9A19103F-16F7-4668-BE54-9A1E7A4F7556}") = "PaymentService.Application", "src\Services\Payments\Core\PaymentService.Application\PaymentService.Application.csproj", "{99C8ABC6-1D74-4B3F-8354-758DD00765AA}"
EndProject
Project("{9A19103F-16F7-4668-BE54-9A1E7A4F7556}") = "PaymentService.Domain", "src\Services\Payments\Core\PaymentService.Domain\PaymentService.Domain.csproj", "{1764FFD5-5C82-424C-A167-8EF1471E4090}"
EndProject
Project("{9A19103F-16F7-4668-BE54-9A1E7A4F7556}") = "PaymentService.Infrastructure", "src\Services\Payments\Infrastructure\PaymentService.Infrastructure\PaymentService.Infrastructure.csproj", "{23C94B82-592C-4DE1-8B00-5E5A1C04D95E}"
EndProject
Project("{9A19103F-16F7-4668-BE54-9A1E7A4F7556}") = "PaymentService.Persistence", "src\Services\Payments\Infrastructure\PaymentService.Persistence\PaymentService.Persistence.csproj", "{65281569-B4EC-4F0A-9432-EC7CA22E6C96}"
EndProject
Project("{9A19103F-16F7-4668-BE54-9A1E7A4F7556}") = "PaymentService.EndPoint", "src\Services\Payments\Presentation\PaymentService.EndPoint\PaymentService.EndPoint.csproj", "{1C2F4D5E-5707-43C0-9D3C-A5ACB381E8A3}"
EndProject
Project("{9A19103F-16F7-4668-BE54-9A1E7A4F7556}") = "OrderService", "src\Services\Orders\OrderService\OrderService.csproj", "{9803EA55-8149-4723-8FC8-53E95BEF15AE}"
EndProject
Project("{2150E333-8FDC-42A3-9474-1A3956D46DE8}") = "Discounts", "Discounts", "{AD98EE1F-EC68-4E18-A6B5-270DD937748E}"
	ProjectSection(SolutionItems) = preProject
		src\Services\Discounts\.dockerignore = src\Services\Discounts\.dockerignore
	EndProjectSection
EndProject
Project("{9A19103F-16F7-4668-BE54-9A1E7A4F7556}") = "DiscountService", "src\Services\Discounts\DiscountService\DiscountService.csproj", "{C03A6DAF-161B-435D-990A-C6B796D6A73B}"
EndProject
Project("{2150E333-8FDC-42A3-9474-1A3956D46DE8}") = "Baskets", "Baskets", "{6D5A767B-7423-4B30-8A63-C669936C4EC2}"
	ProjectSection(SolutionItems) = preProject
		src\Services\Baskets\.dockerignore = src\Services\Baskets\.dockerignore
	EndProjectSection
EndProject
Project("{9A19103F-16F7-4668-BE54-9A1E7A4F7556}") = "BasketService", "src\Services\Baskets\BasketService\BasketService.csproj", "{1E7B59DD-3042-460E-A7A0-FEADBB2E5231}"
EndProject
Project("{2150E333-8FDC-42A3-9474-1A3956D46DE8}") = "Web", "Web", "{A5866F87-590D-491C-ABA5-30C5634C79B1}"
EndProject
Project("{2150E333-8FDC-42A3-9474-1A3956D46DE8}") = "Microservices.Admin.Frontend", "Microservices.Admin.Frontend", "{F18EFFAE-C8B1-4FA7-858F-63703C7EA1D4}"
EndProject
Project("{9A19103F-16F7-4668-BE54-9A1E7A4F7556}") = "Microservices.Admin.Frontend", "src\Web\Microservices.Admin.Frontend\Microservices.Admin.Frontend.csproj", "{9B7AA46B-1A07-4AA6-9C0B-E2A7F6C129B3}"
EndProject
Project("{2150E333-8FDC-42A3-9474-1A3956D46DE8}") = "Microservices.Web.Frontend", "Microservices.Web.Frontend", "{DF89B79B-CF93-4197-8843-2BC7069B6C9B}"
EndProject
Project("{2150E333-8FDC-42A3-9474-1A3956D46DE8}") = "ApiGateways", "ApiGateways", "{5692A8CC-5166-46A0-9244-9C176CED1718}"
EndProject
Project("{9A19103F-16F7-4668-BE54-9A1E7A4F7556}") = "ApiGateway.ForWeb", "src\ApiGateways\ApiGatewayForWeb\ApiGateway.ForWeb.csproj", "{3F492966-A883-442E-816E-3674EE514C53}"
EndProject
Project("{2150E333-8FDC-42A3-9474-1A3956D46DE8}") = "src", "src", "{72BD114D-4BAC-4341-AC83-A83C85DBE88B}"
EndProject
Project("{2150E333-8FDC-42A3-9474-1A3956D46DE8}") = "build", "build", "{184B6DA7-8192-4FE6-AAE3-4C2909389BC4}"
EndProject
Project("{2150E333-8FDC-42A3-9474-1A3956D46DE8}") = "tests", "tests", "{10209E86-7A0C-408A-84E9-A14ED88AF164}"
EndProject
Project("{9A19103F-16F7-4668-BE54-9A1E7A4F7556}") = "OrderService.ContractTests", "src\Services\Orders\tests\OrderService.ContractTests\OrderService.ContractTests.csproj", "{E1874081-CF26-4948-B0FA-A053B3E7389A}"
EndProject
Project("{2150E333-8FDC-42A3-9474-1A3956D46DE8}") = "Identity", "Identity", "{E8F153EB-0B83-413B-B427-7E0E00FE5CD9}"
EndProject
Project("{9A19103F-16F7-4668-BE54-9A1E7A4F7556}") = "ApiGateway.Admin", "src\ApiGateways\ApiGateway.Admin\ApiGateway.Admin.csproj", "{C30C746F-9A35-427F-8188-32A366FFC7A2}"
EndProject
Project("{9A19103F-16F7-4668-BE54-9A1E7A4F7556}") = "Microservices.Web.Frontend", "src\Web\Microservices.Web.Frontend\Microservices.Web.Frontend\Microservices.Web.Frontend.csproj", "{83C91A50-58E8-4DD5-A7A3-1F554C603526}"
EndProject
Project("{9A19103F-16F7-4668-BE54-9A1E7A4F7556}") = "FrontEnd_E2E_Test", "src\Web\Microservices.Web.Frontend\FrontEnd_E2E_Test\FrontEnd_E2E_Test.csproj", "{9BB586BA-7768-4C7C-A763-611850CACC3A}"
EndProject
Project("{9A19103F-16F7-4668-BE54-9A1E7A4F7556}") = "ProductService", "src\Services\Products\ProductService\ProductService.csproj", "{E8F979D8-4912-4FB6-96D0-A915C6368242}"
EndProject
Project("{9A19103F-16F7-4668-BE54-9A1E7A4F7556}") = "IdentityService", "src\Identity\IdentityService\IdentityService.csproj", "{7BE53A7E-5F07-44AD-A993-D2C13D2A81FE}"
EndProject
Project("{2150E333-8FDC-42A3-9474-1A3956D46DE8}") = "tests", "tests", "{0A197A95-E14F-453A-B2D9-559B6593ECCC}"
EndProject
Project("{9A19103F-16F7-4668-BE54-9A1E7A4F7556}") = "ProductService.IntegrationTests", "src\Services\Products\tests\ProductService.IntegrationTests\ProductService.IntegrationTests.csproj", "{354BD159-9E1A-454B-A20D-6C5A0DC68005}"
EndProject
Project("{9A19103F-16F7-4668-BE54-9A1E7A4F7556}") = "ProductService.UnitTests", "src\Services\Products\tests\ProductService.Test\ProductService.UnitTests.csproj", "{167D6B0D-71E6-4926-B21B-9334B10298D2}"
EndProject
Project("{9A19103F-16F7-4668-BE54-9A1E7A4F7556}") = "ProductService.ComponentTests", "src\Services\Products\tests\ProductServiceComponent.Test\ProductService.ComponentTests.csproj", "{B4DFDDF1-A989-4F3F-B780-DA0320D10BFC}"
EndProject
Project("{E53339B2-1760-4266-BCC7-CA923CBCF16C}") = "docker-compose", "docker-compose.dcproj", "{185D5EB7-4078-4753-9262-B6969B61680C}"
EndProject
Project("{2150E333-8FDC-42A3-9474-1A3956D46DE8}") = "Solution Items", "Solution Items", "{48AC8522-29B2-442C-BCEA-1177B7CA2A22}"
	ProjectSection(SolutionItems) = preProject
		.env = .env
		Solution Items\k8s-commands.txt = Solution Items\k8s-commands.txt
		Solution Items\Run Admin ApiGateway Microservice Project.bat = Solution Items\Run Admin ApiGateway Microservice Project.bat
		Solution Items\Run All Microservices.bat = Solution Items\Run All Microservices.bat
		Solution Items\Run ApiGateway Microservice Project.bat = Solution Items\Run ApiGateway Microservice Project.bat
		Solution Items\Run Basket Microservice Project.bat = Solution Items\Run Basket Microservice Project.bat
		Solution Items\Run Discount Microservice Project.bat = Solution Items\Run Discount Microservice Project.bat
		Solution Items\Run Identity Microservice Project.bat = Solution Items\Run Identity Microservice Project.bat
		Solution Items\Run Order Microservice Project.bat = Solution Items\Run Order Microservice Project.bat
		Solution Items\Run Payment Microservice Project.bat = Solution Items\Run Payment Microservice Project.bat
		Solution Items\Run Product Microservice Project.bat = Solution Items\Run Product Microservice Project.bat
	EndProjectSection
EndProject
Project("{2150E333-8FDC-42A3-9474-1A3956D46DE8}") = "k8s", "k8s", "{20A7EDF7-2E7D-4CE2-A4E3-34F68B0297DB}"
	ProjectSection(SolutionItems) = preProject
		k8s\adminfrontend.yaml = k8s\adminfrontend.yaml
		k8s\apigatewayadmin.yaml = k8s\apigatewayadmin.yaml
		k8s\apigatewayforweb.yaml = k8s\apigatewayforweb.yaml
		k8s\basketservice.yaml = k8s\basketservice.yaml
		k8s\dashboard-adminuser.yaml = k8s\dashboard-adminuser.yaml
		k8s\discountservice.yaml = k8s\discountservice.yaml
		k8s\identityservice.yaml = k8s\identityservice.yaml
		k8s\local-pvc.yaml = k8s\local-pvc.yaml
		k8s\mongo-configmap.yaml = k8s\mongo-configmap.yaml
		k8s\mongo-secret.yaml = k8s\mongo-secret.yaml
		k8s\mongo.yaml = k8s\mongo.yaml
		k8s\orderservice.yaml = k8s\orderservice.yaml
		k8s\paymentservice.yaml = k8s\paymentservice.yaml
		k8s\productservice.yaml = k8s\productservice.yaml
		k8s\rabbitmq.yaml = k8s\rabbitmq.yaml
		k8s\sqldata-secret.yaml = k8s\sqldata-secret.yaml
		k8s\sqldata.yaml = k8s\sqldata.yaml
		k8s\webfrontend.yaml = k8s\webfrontend.yaml
	EndProjectSection
EndProject
Project("{2150E333-8FDC-42A3-9474-1A3956D46DE8}") = "deployments", "deployments", "{F6A0F251-4759-4DAE-B611-9DC63B1658E5}"
	ProjectSection(SolutionItems) = preProject
		k8s\deployments\nginx-ingress.yaml = k8s\deployments\nginx-ingress.yaml
	EndProjectSection
EndProject
Project("{2150E333-8FDC-42A3-9474-1A3956D46DE8}") = "aks", "aks", "{3003F24D-DF53-4223-BA00-509B94DA7A4F}"
	ProjectSection(SolutionItems) = preProject
		aks\mongo-configmap.yaml = aks\mongo-configmap.yaml
		aks\mongo-secret.yaml = aks\mongo-secret.yaml
		aks\mongo.yaml = aks\mongo.yaml
		aks\rabbitmq.yaml = aks\rabbitmq.yaml
		aks\sqldata-secret.yaml = aks\sqldata-secret.yaml
		aks\sqldata.yaml = aks\sqldata.yaml
	EndProjectSection
EndProject
Project("{2150E333-8FDC-42A3-9474-1A3956D46DE8}") = "Aspire", "Aspire", "{040E45A8-354B-46C3-AE28-C229B18EC0EF}"
EndProject
Project("{9A19103F-16F7-4668-BE54-9A1E7A4F7556}") = "Microservices.AppHost", "src\Aspire\Microservices.AppHost\Microservices.AppHost.csproj", "{350A9A8C-C49E-4F79-BCB7-AB979B798CE3}"
EndProject
Project("{9A19103F-16F7-4668-BE54-9A1E7A4F7556}") = "Microservices.ServiceDefaults", "src\Aspire\Microservices.ServiceDefaults\Microservices.ServiceDefaults.csproj", "{7699AE53-7976-4B39-96FA-E9A85EA956E2}"
EndProject
Global
	GlobalSection(SolutionConfigurationPlatforms) = preSolution
		Debug|Any CPU = Debug|Any CPU
		Debug|x64 = Debug|x64
		Release|Any CPU = Release|Any CPU
		Release|x64 = Release|x64
	EndGlobalSection
	GlobalSection(ProjectConfigurationPlatforms) = postSolution
		{99C8ABC6-1D74-4B3F-8354-758DD00765AA}.Debug|Any CPU.ActiveCfg = Debug|Any CPU
		{99C8ABC6-1D74-4B3F-8354-758DD00765AA}.Debug|Any CPU.Build.0 = Debug|Any CPU
		{99C8ABC6-1D74-4B3F-8354-758DD00765AA}.Debug|x64.ActiveCfg = Debug|Any CPU
		{99C8ABC6-1D74-4B3F-8354-758DD00765AA}.Debug|x64.Build.0 = Debug|Any CPU
		{99C8ABC6-1D74-4B3F-8354-758DD00765AA}.Release|Any CPU.ActiveCfg = Release|Any CPU
		{99C8ABC6-1D74-4B3F-8354-758DD00765AA}.Release|Any CPU.Build.0 = Release|Any CPU
		{99C8ABC6-1D74-4B3F-8354-758DD00765AA}.Release|x64.ActiveCfg = Release|Any CPU
		{99C8ABC6-1D74-4B3F-8354-758DD00765AA}.Release|x64.Build.0 = Release|Any CPU
		{1764FFD5-5C82-424C-A167-8EF1471E4090}.Debug|Any CPU.ActiveCfg = Debug|Any CPU
		{1764FFD5-5C82-424C-A167-8EF1471E4090}.Debug|Any CPU.Build.0 = Debug|Any CPU
		{1764FFD5-5C82-424C-A167-8EF1471E4090}.Debug|x64.ActiveCfg = Debug|Any CPU
		{1764FFD5-5C82-424C-A167-8EF1471E4090}.Debug|x64.Build.0 = Debug|Any CPU
		{1764FFD5-5C82-424C-A167-8EF1471E4090}.Release|Any CPU.ActiveCfg = Release|Any CPU
		{1764FFD5-5C82-424C-A167-8EF1471E4090}.Release|Any CPU.Build.0 = Release|Any CPU
		{1764FFD5-5C82-424C-A167-8EF1471E4090}.Release|x64.ActiveCfg = Release|Any CPU
		{1764FFD5-5C82-424C-A167-8EF1471E4090}.Release|x64.Build.0 = Release|Any CPU
		{23C94B82-592C-4DE1-8B00-5E5A1C04D95E}.Debug|Any CPU.ActiveCfg = Debug|Any CPU
		{23C94B82-592C-4DE1-8B00-5E5A1C04D95E}.Debug|Any CPU.Build.0 = Debug|Any CPU
		{23C94B82-592C-4DE1-8B00-5E5A1C04D95E}.Debug|x64.ActiveCfg = Debug|Any CPU
		{23C94B82-592C-4DE1-8B00-5E5A1C04D95E}.Debug|x64.Build.0 = Debug|Any CPU
		{23C94B82-592C-4DE1-8B00-5E5A1C04D95E}.Release|Any CPU.ActiveCfg = Release|Any CPU
		{23C94B82-592C-4DE1-8B00-5E5A1C04D95E}.Release|Any CPU.Build.0 = Release|Any CPU
		{23C94B82-592C-4DE1-8B00-5E5A1C04D95E}.Release|x64.ActiveCfg = Release|Any CPU
		{23C94B82-592C-4DE1-8B00-5E5A1C04D95E}.Release|x64.Build.0 = Release|Any CPU
		{65281569-B4EC-4F0A-9432-EC7CA22E6C96}.Debug|Any CPU.ActiveCfg = Debug|Any CPU
		{65281569-B4EC-4F0A-9432-EC7CA22E6C96}.Debug|Any CPU.Build.0 = Debug|Any CPU
		{65281569-B4EC-4F0A-9432-EC7CA22E6C96}.Debug|x64.ActiveCfg = Debug|Any CPU
		{65281569-B4EC-4F0A-9432-EC7CA22E6C96}.Debug|x64.Build.0 = Debug|Any CPU
		{65281569-B4EC-4F0A-9432-EC7CA22E6C96}.Release|Any CPU.ActiveCfg = Release|Any CPU
		{65281569-B4EC-4F0A-9432-EC7CA22E6C96}.Release|Any CPU.Build.0 = Release|Any CPU
		{65281569-B4EC-4F0A-9432-EC7CA22E6C96}.Release|x64.ActiveCfg = Release|Any CPU
		{65281569-B4EC-4F0A-9432-EC7CA22E6C96}.Release|x64.Build.0 = Release|Any CPU
		{1C2F4D5E-5707-43C0-9D3C-A5ACB381E8A3}.Debug|Any CPU.ActiveCfg = Debug|Any CPU
		{1C2F4D5E-5707-43C0-9D3C-A5ACB381E8A3}.Debug|Any CPU.Build.0 = Debug|Any CPU
		{1C2F4D5E-5707-43C0-9D3C-A5ACB381E8A3}.Debug|x64.ActiveCfg = Debug|Any CPU
		{1C2F4D5E-5707-43C0-9D3C-A5ACB381E8A3}.Debug|x64.Build.0 = Debug|Any CPU
		{1C2F4D5E-5707-43C0-9D3C-A5ACB381E8A3}.Release|Any CPU.ActiveCfg = Release|Any CPU
		{1C2F4D5E-5707-43C0-9D3C-A5ACB381E8A3}.Release|Any CPU.Build.0 = Release|Any CPU
		{1C2F4D5E-5707-43C0-9D3C-A5ACB381E8A3}.Release|x64.ActiveCfg = Release|Any CPU
		{1C2F4D5E-5707-43C0-9D3C-A5ACB381E8A3}.Release|x64.Build.0 = Release|Any CPU
		{9803EA55-8149-4723-8FC8-53E95BEF15AE}.Debug|Any CPU.ActiveCfg = Debug|Any CPU
		{9803EA55-8149-4723-8FC8-53E95BEF15AE}.Debug|Any CPU.Build.0 = Debug|Any CPU
		{9803EA55-8149-4723-8FC8-53E95BEF15AE}.Debug|x64.ActiveCfg = Debug|Any CPU
		{9803EA55-8149-4723-8FC8-53E95BEF15AE}.Debug|x64.Build.0 = Debug|Any CPU
		{9803EA55-8149-4723-8FC8-53E95BEF15AE}.Release|Any CPU.ActiveCfg = Release|Any CPU
		{9803EA55-8149-4723-8FC8-53E95BEF15AE}.Release|Any CPU.Build.0 = Release|Any CPU
		{9803EA55-8149-4723-8FC8-53E95BEF15AE}.Release|x64.ActiveCfg = Release|Any CPU
		{9803EA55-8149-4723-8FC8-53E95BEF15AE}.Release|x64.Build.0 = Release|Any CPU
		{C03A6DAF-161B-435D-990A-C6B796D6A73B}.Debug|Any CPU.ActiveCfg = Debug|Any CPU
		{C03A6DAF-161B-435D-990A-C6B796D6A73B}.Debug|Any CPU.Build.0 = Debug|Any CPU
		{C03A6DAF-161B-435D-990A-C6B796D6A73B}.Debug|x64.ActiveCfg = Debug|Any CPU
		{C03A6DAF-161B-435D-990A-C6B796D6A73B}.Debug|x64.Build.0 = Debug|Any CPU
		{C03A6DAF-161B-435D-990A-C6B796D6A73B}.Release|Any CPU.ActiveCfg = Release|Any CPU
		{C03A6DAF-161B-435D-990A-C6B796D6A73B}.Release|Any CPU.Build.0 = Release|Any CPU
		{C03A6DAF-161B-435D-990A-C6B796D6A73B}.Release|x64.ActiveCfg = Release|Any CPU
		{C03A6DAF-161B-435D-990A-C6B796D6A73B}.Release|x64.Build.0 = Release|Any CPU
		{1E7B59DD-3042-460E-A7A0-FEADBB2E5231}.Debug|Any CPU.ActiveCfg = Debug|Any CPU
		{1E7B59DD-3042-460E-A7A0-FEADBB2E5231}.Debug|Any CPU.Build.0 = Debug|Any CPU
		{1E7B59DD-3042-460E-A7A0-FEADBB2E5231}.Debug|x64.ActiveCfg = Debug|Any CPU
		{1E7B59DD-3042-460E-A7A0-FEADBB2E5231}.Debug|x64.Build.0 = Debug|Any CPU
		{1E7B59DD-3042-460E-A7A0-FEADBB2E5231}.Release|Any CPU.ActiveCfg = Release|Any CPU
		{1E7B59DD-3042-460E-A7A0-FEADBB2E5231}.Release|Any CPU.Build.0 = Release|Any CPU
		{1E7B59DD-3042-460E-A7A0-FEADBB2E5231}.Release|x64.ActiveCfg = Release|Any CPU
		{1E7B59DD-3042-460E-A7A0-FEADBB2E5231}.Release|x64.Build.0 = Release|Any CPU
		{9B7AA46B-1A07-4AA6-9C0B-E2A7F6C129B3}.Debug|Any CPU.ActiveCfg = Debug|Any CPU
		{9B7AA46B-1A07-4AA6-9C0B-E2A7F6C129B3}.Debug|Any CPU.Build.0 = Debug|Any CPU
		{9B7AA46B-1A07-4AA6-9C0B-E2A7F6C129B3}.Debug|x64.ActiveCfg = Debug|Any CPU
		{9B7AA46B-1A07-4AA6-9C0B-E2A7F6C129B3}.Debug|x64.Build.0 = Debug|Any CPU
		{9B7AA46B-1A07-4AA6-9C0B-E2A7F6C129B3}.Release|Any CPU.ActiveCfg = Release|Any CPU
		{9B7AA46B-1A07-4AA6-9C0B-E2A7F6C129B3}.Release|Any CPU.Build.0 = Release|Any CPU
		{9B7AA46B-1A07-4AA6-9C0B-E2A7F6C129B3}.Release|x64.ActiveCfg = Release|Any CPU
		{9B7AA46B-1A07-4AA6-9C0B-E2A7F6C129B3}.Release|x64.Build.0 = Release|Any CPU
		{3F492966-A883-442E-816E-3674EE514C53}.Debug|Any CPU.ActiveCfg = Debug|Any CPU
		{3F492966-A883-442E-816E-3674EE514C53}.Debug|Any CPU.Build.0 = Debug|Any CPU
		{3F492966-A883-442E-816E-3674EE514C53}.Debug|x64.ActiveCfg = Debug|Any CPU
		{3F492966-A883-442E-816E-3674EE514C53}.Debug|x64.Build.0 = Debug|Any CPU
		{3F492966-A883-442E-816E-3674EE514C53}.Release|Any CPU.ActiveCfg = Release|Any CPU
		{3F492966-A883-442E-816E-3674EE514C53}.Release|Any CPU.Build.0 = Release|Any CPU
		{3F492966-A883-442E-816E-3674EE514C53}.Release|x64.ActiveCfg = Release|Any CPU
		{3F492966-A883-442E-816E-3674EE514C53}.Release|x64.Build.0 = Release|Any CPU
		{E1874081-CF26-4948-B0FA-A053B3E7389A}.Debug|Any CPU.ActiveCfg = Debug|Any CPU
		{E1874081-CF26-4948-B0FA-A053B3E7389A}.Debug|Any CPU.Build.0 = Debug|Any CPU
		{E1874081-CF26-4948-B0FA-A053B3E7389A}.Debug|x64.ActiveCfg = Debug|Any CPU
		{E1874081-CF26-4948-B0FA-A053B3E7389A}.Release|Any CPU.ActiveCfg = Release|Any CPU
		{E1874081-CF26-4948-B0FA-A053B3E7389A}.Release|Any CPU.Build.0 = Release|Any CPU
		{E1874081-CF26-4948-B0FA-A053B3E7389A}.Release|x64.ActiveCfg = Release|Any CPU
		{C30C746F-9A35-427F-8188-32A366FFC7A2}.Debug|Any CPU.ActiveCfg = Debug|Any CPU
		{C30C746F-9A35-427F-8188-32A366FFC7A2}.Debug|Any CPU.Build.0 = Debug|Any CPU
		{C30C746F-9A35-427F-8188-32A366FFC7A2}.Debug|x64.ActiveCfg = Debug|Any CPU
		{C30C746F-9A35-427F-8188-32A366FFC7A2}.Debug|x64.Build.0 = Debug|Any CPU
		{C30C746F-9A35-427F-8188-32A366FFC7A2}.Release|Any CPU.ActiveCfg = Release|Any CPU
		{C30C746F-9A35-427F-8188-32A366FFC7A2}.Release|Any CPU.Build.0 = Release|Any CPU
		{C30C746F-9A35-427F-8188-32A366FFC7A2}.Release|x64.ActiveCfg = Release|Any CPU
		{C30C746F-9A35-427F-8188-32A366FFC7A2}.Release|x64.Build.0 = Release|Any CPU
		{83C91A50-58E8-4DD5-A7A3-1F554C603526}.Debug|Any CPU.ActiveCfg = Debug|Any CPU
		{83C91A50-58E8-4DD5-A7A3-1F554C603526}.Debug|Any CPU.Build.0 = Debug|Any CPU
		{83C91A50-58E8-4DD5-A7A3-1F554C603526}.Debug|x64.ActiveCfg = Debug|Any CPU
		{83C91A50-58E8-4DD5-A7A3-1F554C603526}.Debug|x64.Build.0 = Debug|Any CPU
		{83C91A50-58E8-4DD5-A7A3-1F554C603526}.Release|Any CPU.ActiveCfg = Release|Any CPU
		{83C91A50-58E8-4DD5-A7A3-1F554C603526}.Release|Any CPU.Build.0 = Release|Any CPU
		{83C91A50-58E8-4DD5-A7A3-1F554C603526}.Release|x64.ActiveCfg = Release|Any CPU
		{83C91A50-58E8-4DD5-A7A3-1F554C603526}.Release|x64.Build.0 = Release|Any CPU
		{9BB586BA-7768-4C7C-A763-611850CACC3A}.Debug|Any CPU.ActiveCfg = Debug|Any CPU
		{9BB586BA-7768-4C7C-A763-611850CACC3A}.Debug|Any CPU.Build.0 = Debug|Any CPU
		{9BB586BA-7768-4C7C-A763-611850CACC3A}.Debug|x64.ActiveCfg = Debug|Any CPU
		{9BB586BA-7768-4C7C-A763-611850CACC3A}.Debug|x64.Build.0 = Debug|Any CPU
		{9BB586BA-7768-4C7C-A763-611850CACC3A}.Release|Any CPU.ActiveCfg = Release|Any CPU
		{9BB586BA-7768-4C7C-A763-611850CACC3A}.Release|Any CPU.Build.0 = Release|Any CPU
		{9BB586BA-7768-4C7C-A763-611850CACC3A}.Release|x64.ActiveCfg = Release|Any CPU
		{9BB586BA-7768-4C7C-A763-611850CACC3A}.Release|x64.Build.0 = Release|Any CPU
		{E8F979D8-4912-4FB6-96D0-A915C6368242}.Debug|Any CPU.ActiveCfg = Debug|Any CPU
		{E8F979D8-4912-4FB6-96D0-A915C6368242}.Debug|Any CPU.Build.0 = Debug|Any CPU
		{E8F979D8-4912-4FB6-96D0-A915C6368242}.Debug|x64.ActiveCfg = Debug|Any CPU
		{E8F979D8-4912-4FB6-96D0-A915C6368242}.Debug|x64.Build.0 = Debug|Any CPU
		{E8F979D8-4912-4FB6-96D0-A915C6368242}.Release|Any CPU.ActiveCfg = Release|Any CPU
		{E8F979D8-4912-4FB6-96D0-A915C6368242}.Release|Any CPU.Build.0 = Release|Any CPU
		{E8F979D8-4912-4FB6-96D0-A915C6368242}.Release|x64.ActiveCfg = Release|Any CPU
		{E8F979D8-4912-4FB6-96D0-A915C6368242}.Release|x64.Build.0 = Release|Any CPU
		{7BE53A7E-5F07-44AD-A993-D2C13D2A81FE}.Debug|Any CPU.ActiveCfg = Debug|Any CPU
		{7BE53A7E-5F07-44AD-A993-D2C13D2A81FE}.Debug|Any CPU.Build.0 = Debug|Any CPU
		{7BE53A7E-5F07-44AD-A993-D2C13D2A81FE}.Debug|x64.ActiveCfg = Debug|Any CPU
		{7BE53A7E-5F07-44AD-A993-D2C13D2A81FE}.Debug|x64.Build.0 = Debug|Any CPU
		{7BE53A7E-5F07-44AD-A993-D2C13D2A81FE}.Release|Any CPU.ActiveCfg = Release|Any CPU
		{7BE53A7E-5F07-44AD-A993-D2C13D2A81FE}.Release|Any CPU.Build.0 = Release|Any CPU
		{7BE53A7E-5F07-44AD-A993-D2C13D2A81FE}.Release|x64.ActiveCfg = Release|Any CPU
		{7BE53A7E-5F07-44AD-A993-D2C13D2A81FE}.Release|x64.Build.0 = Release|Any CPU
		{354BD159-9E1A-454B-A20D-6C5A0DC68005}.Debug|Any CPU.ActiveCfg = Debug|Any CPU
		{354BD159-9E1A-454B-A20D-6C5A0DC68005}.Debug|Any CPU.Build.0 = Debug|Any CPU
		{354BD159-9E1A-454B-A20D-6C5A0DC68005}.Debug|x64.ActiveCfg = Debug|Any CPU
		{354BD159-9E1A-454B-A20D-6C5A0DC68005}.Debug|x64.Build.0 = Debug|Any CPU
		{354BD159-9E1A-454B-A20D-6C5A0DC68005}.Release|Any CPU.ActiveCfg = Release|Any CPU
		{354BD159-9E1A-454B-A20D-6C5A0DC68005}.Release|Any CPU.Build.0 = Release|Any CPU
		{354BD159-9E1A-454B-A20D-6C5A0DC68005}.Release|x64.ActiveCfg = Release|Any CPU
		{354BD159-9E1A-454B-A20D-6C5A0DC68005}.Release|x64.Build.0 = Release|Any CPU
		{167D6B0D-71E6-4926-B21B-9334B10298D2}.Debug|Any CPU.ActiveCfg = Debug|Any CPU
		{167D6B0D-71E6-4926-B21B-9334B10298D2}.Debug|Any CPU.Build.0 = Debug|Any CPU
		{167D6B0D-71E6-4926-B21B-9334B10298D2}.Debug|x64.ActiveCfg = Debug|Any CPU
		{167D6B0D-71E6-4926-B21B-9334B10298D2}.Debug|x64.Build.0 = Debug|Any CPU
		{167D6B0D-71E6-4926-B21B-9334B10298D2}.Release|Any CPU.ActiveCfg = Release|Any CPU
		{167D6B0D-71E6-4926-B21B-9334B10298D2}.Release|Any CPU.Build.0 = Release|Any CPU
		{167D6B0D-71E6-4926-B21B-9334B10298D2}.Release|x64.ActiveCfg = Release|Any CPU
		{167D6B0D-71E6-4926-B21B-9334B10298D2}.Release|x64.Build.0 = Release|Any CPU
		{B4DFDDF1-A989-4F3F-B780-DA0320D10BFC}.Debug|Any CPU.ActiveCfg = Debug|Any CPU
		{B4DFDDF1-A989-4F3F-B780-DA0320D10BFC}.Debug|Any CPU.Build.0 = Debug|Any CPU
		{B4DFDDF1-A989-4F3F-B780-DA0320D10BFC}.Debug|x64.ActiveCfg = Debug|Any CPU
		{B4DFDDF1-A989-4F3F-B780-DA0320D10BFC}.Debug|x64.Build.0 = Debug|Any CPU
		{B4DFDDF1-A989-4F3F-B780-DA0320D10BFC}.Release|Any CPU.ActiveCfg = Release|Any CPU
		{B4DFDDF1-A989-4F3F-B780-DA0320D10BFC}.Release|Any CPU.Build.0 = Release|Any CPU
		{B4DFDDF1-A989-4F3F-B780-DA0320D10BFC}.Release|x64.ActiveCfg = Release|Any CPU
		{B4DFDDF1-A989-4F3F-B780-DA0320D10BFC}.Release|x64.Build.0 = Release|Any CPU
		{185D5EB7-4078-4753-9262-B6969B61680C}.Debug|Any CPU.ActiveCfg = Debug|Any CPU
		{185D5EB7-4078-4753-9262-B6969B61680C}.Debug|Any CPU.Build.0 = Debug|Any CPU
		{185D5EB7-4078-4753-9262-B6969B61680C}.Debug|x64.ActiveCfg = Debug|Any CPU
		{185D5EB7-4078-4753-9262-B6969B61680C}.Debug|x64.Build.0 = Debug|Any CPU
		{185D5EB7-4078-4753-9262-B6969B61680C}.Release|Any CPU.ActiveCfg = Release|Any CPU
		{185D5EB7-4078-4753-9262-B6969B61680C}.Release|Any CPU.Build.0 = Release|Any CPU
		{185D5EB7-4078-4753-9262-B6969B61680C}.Release|x64.ActiveCfg = Release|Any CPU
		{185D5EB7-4078-4753-9262-B6969B61680C}.Release|x64.Build.0 = Release|Any CPU
		{350A9A8C-C49E-4F79-BCB7-AB979B798CE3}.Debug|Any CPU.ActiveCfg = Debug|Any CPU
		{350A9A8C-C49E-4F79-BCB7-AB979B798CE3}.Debug|Any CPU.Build.0 = Debug|Any CPU
		{350A9A8C-C49E-4F79-BCB7-AB979B798CE3}.Debug|x64.ActiveCfg = Debug|Any CPU
		{350A9A8C-C49E-4F79-BCB7-AB979B798CE3}.Debug|x64.Build.0 = Debug|Any CPU
		{350A9A8C-C49E-4F79-BCB7-AB979B798CE3}.Release|Any CPU.ActiveCfg = Release|Any CPU
		{350A9A8C-C49E-4F79-BCB7-AB979B798CE3}.Release|Any CPU.Build.0 = Release|Any CPU
		{350A9A8C-C49E-4F79-BCB7-AB979B798CE3}.Release|x64.ActiveCfg = Release|Any CPU
		{350A9A8C-C49E-4F79-BCB7-AB979B798CE3}.Release|x64.Build.0 = Release|Any CPU
		{7699AE53-7976-4B39-96FA-E9A85EA956E2}.Debug|Any CPU.ActiveCfg = Debug|Any CPU
		{7699AE53-7976-4B39-96FA-E9A85EA956E2}.Debug|Any CPU.Build.0 = Debug|Any CPU
		{7699AE53-7976-4B39-96FA-E9A85EA956E2}.Debug|x64.ActiveCfg = Debug|Any CPU
		{7699AE53-7976-4B39-96FA-E9A85EA956E2}.Debug|x64.Build.0 = Debug|Any CPU
		{7699AE53-7976-4B39-96FA-E9A85EA956E2}.Release|Any CPU.ActiveCfg = Release|Any CPU
		{7699AE53-7976-4B39-96FA-E9A85EA956E2}.Release|Any CPU.Build.0 = Release|Any CPU
		{7699AE53-7976-4B39-96FA-E9A85EA956E2}.Release|x64.ActiveCfg = Release|Any CPU
		{7699AE53-7976-4B39-96FA-E9A85EA956E2}.Release|x64.Build.0 = Release|Any CPU
	EndGlobalSection
	GlobalSection(SolutionProperties) = preSolution
		HideSolutionNode = FALSE
	EndGlobalSection
	GlobalSection(NestedProjects) = preSolution
		{2B0B8B09-3A38-4C3D-8DBC-C6850035571A} = {72BD114D-4BAC-4341-AC83-A83C85DBE88B}
		{F72608EE-1943-4E51-BE25-3B29373A63C3} = {2B0B8B09-3A38-4C3D-8DBC-C6850035571A}
		{9107B5C3-CC1F-470E-B47A-85786C48C010} = {2B0B8B09-3A38-4C3D-8DBC-C6850035571A}
		{5EA31A54-4728-40DF-B2AE-C35F1A3F8184} = {9107B5C3-CC1F-470E-B47A-85786C48C010}
		{C597FABF-C8CD-4A46-9A8D-B88435DF58CD} = {5EA31A54-4728-40DF-B2AE-C35F1A3F8184}
		{4298C217-07E7-45CF-98C8-802413D376C3} = {5EA31A54-4728-40DF-B2AE-C35F1A3F8184}
		{E0DA92DF-B9E7-496C-86AC-CDE967181CCA} = {9107B5C3-CC1F-470E-B47A-85786C48C010}
		{3A2BA398-37AF-46FE-A1E6-215CC28F08ED} = {E0DA92DF-B9E7-496C-86AC-CDE967181CCA}
		{4AA4EEE8-98C9-4033-BC49-C57EA05CCD04} = {E0DA92DF-B9E7-496C-86AC-CDE967181CCA}
		{532D17E5-E907-458B-A27D-82BE20F3D310} = {9107B5C3-CC1F-470E-B47A-85786C48C010}
		{184DAE8E-238A-484E-976B-D1026D4301CF} = {532D17E5-E907-458B-A27D-82BE20F3D310}
		{F40BD4FA-A91C-440F-AF70-E3E6BAC038AA} = {2B0B8B09-3A38-4C3D-8DBC-C6850035571A}
		{99C8ABC6-1D74-4B3F-8354-758DD00765AA} = {C597FABF-C8CD-4A46-9A8D-B88435DF58CD}
		{1764FFD5-5C82-424C-A167-8EF1471E4090} = {4298C217-07E7-45CF-98C8-802413D376C3}
		{23C94B82-592C-4DE1-8B00-5E5A1C04D95E} = {3A2BA398-37AF-46FE-A1E6-215CC28F08ED}
		{65281569-B4EC-4F0A-9432-EC7CA22E6C96} = {4AA4EEE8-98C9-4033-BC49-C57EA05CCD04}
		{1C2F4D5E-5707-43C0-9D3C-A5ACB381E8A3} = {184DAE8E-238A-484E-976B-D1026D4301CF}
		{9803EA55-8149-4723-8FC8-53E95BEF15AE} = {F40BD4FA-A91C-440F-AF70-E3E6BAC038AA}
		{AD98EE1F-EC68-4E18-A6B5-270DD937748E} = {2B0B8B09-3A38-4C3D-8DBC-C6850035571A}
		{C03A6DAF-161B-435D-990A-C6B796D6A73B} = {AD98EE1F-EC68-4E18-A6B5-270DD937748E}
		{6D5A767B-7423-4B30-8A63-C669936C4EC2} = {2B0B8B09-3A38-4C3D-8DBC-C6850035571A}
		{1E7B59DD-3042-460E-A7A0-FEADBB2E5231} = {6D5A767B-7423-4B30-8A63-C669936C4EC2}
		{A5866F87-590D-491C-ABA5-30C5634C79B1} = {72BD114D-4BAC-4341-AC83-A83C85DBE88B}
		{F18EFFAE-C8B1-4FA7-858F-63703C7EA1D4} = {A5866F87-590D-491C-ABA5-30C5634C79B1}
		{9B7AA46B-1A07-4AA6-9C0B-E2A7F6C129B3} = {F18EFFAE-C8B1-4FA7-858F-63703C7EA1D4}
		{DF89B79B-CF93-4197-8843-2BC7069B6C9B} = {A5866F87-590D-491C-ABA5-30C5634C79B1}
		{5692A8CC-5166-46A0-9244-9C176CED1718} = {72BD114D-4BAC-4341-AC83-A83C85DBE88B}
		{3F492966-A883-442E-816E-3674EE514C53} = {5692A8CC-5166-46A0-9244-9C176CED1718}
		{10209E86-7A0C-408A-84E9-A14ED88AF164} = {F40BD4FA-A91C-440F-AF70-E3E6BAC038AA}
		{E1874081-CF26-4948-B0FA-A053B3E7389A} = {10209E86-7A0C-408A-84E9-A14ED88AF164}
		{E8F153EB-0B83-413B-B427-7E0E00FE5CD9} = {72BD114D-4BAC-4341-AC83-A83C85DBE88B}
		{C30C746F-9A35-427F-8188-32A366FFC7A2} = {5692A8CC-5166-46A0-9244-9C176CED1718}
		{83C91A50-58E8-4DD5-A7A3-1F554C603526} = {DF89B79B-CF93-4197-8843-2BC7069B6C9B}
		{9BB586BA-7768-4C7C-A763-611850CACC3A} = {DF89B79B-CF93-4197-8843-2BC7069B6C9B}
		{E8F979D8-4912-4FB6-96D0-A915C6368242} = {F72608EE-1943-4E51-BE25-3B29373A63C3}
		{7BE53A7E-5F07-44AD-A993-D2C13D2A81FE} = {E8F153EB-0B83-413B-B427-7E0E00FE5CD9}
		{0A197A95-E14F-453A-B2D9-559B6593ECCC} = {F72608EE-1943-4E51-BE25-3B29373A63C3}
		{354BD159-9E1A-454B-A20D-6C5A0DC68005} = {0A197A95-E14F-453A-B2D9-559B6593ECCC}
		{167D6B0D-71E6-4926-B21B-9334B10298D2} = {0A197A95-E14F-453A-B2D9-559B6593ECCC}
		{B4DFDDF1-A989-4F3F-B780-DA0320D10BFC} = {0A197A95-E14F-453A-B2D9-559B6593ECCC}
		{F6A0F251-4759-4DAE-B611-9DC63B1658E5} = {20A7EDF7-2E7D-4CE2-A4E3-34F68B0297DB}
		{040E45A8-354B-46C3-AE28-C229B18EC0EF} = {72BD114D-4BAC-4341-AC83-A83C85DBE88B}
		{350A9A8C-C49E-4F79-BCB7-AB979B798CE3} = {040E45A8-354B-46C3-AE28-C229B18EC0EF}
		{7699AE53-7976-4B39-96FA-E9A85EA956E2} = {040E45A8-354B-46C3-AE28-C229B18EC0EF}
	EndGlobalSection
	GlobalSection(ExtensibilityGlobals) = postSolution
		SolutionGuid = {78E65AE0-10C8-4F41-8A80-5F7BFDE48504}
	EndGlobalSection
EndGlobal
