
Microsoft Visual Studio Solution File, Format Version 12.00
# Visual Studio Version 16
VisualStudioVersion = 16.0.31605.320
MinimumVisualStudioVersion = 10.0.40219.1
Project("{FAE04EC0-301F-11D3-BF4B-00C04F79EFBC}") = "Microservices.Web.Frontend", "Microservices.Web.Frontend\Microservices.Web.Frontend.csproj", "{A6A38D89-6B24-4781-AD13-2451D410C470}"
EndProject
Global
	GlobalSection(SolutionConfigurationPlatforms) = preSolution
		Debug|Any CPU = Debug|Any CPU
		Release|Any CPU = Release|Any CPU
	EndGlobalSection
	GlobalSection(ProjectConfigurationPlatforms) = postSolution
		{A6A38D89-6B24-4781-AD13-2451D410C470}.Debug|Any CPU.ActiveCfg = Debug|Any CPU
		{A6A38D89-6B24-4781-AD13-2451D410C470}.Debug|Any CPU.Build.0 = Debug|Any CPU
		{A6A38D89-6B24-4781-AD13-2451D410C470}.Release|Any CPU.ActiveCfg = Release|Any CPU
		{A6A38D89-6B24-4781-AD13-2451D410C470}.Release|Any CPU.Build.0 = Release|Any CPU
	EndGlobalSection
	GlobalSection(SolutionProperties) = preSolution
		HideSolutionNode = FALSE
	EndGlobalSection
	GlobalSection(ExtensibilityGlobals) = postSolution
		SolutionGuid = {23F56F7B-6ADE-4814-BF0C-196FF66C46B5}
	EndGlobalSection
EndGlobal
