
Microsoft Visual Studio Solution File, Format Version 12.00
# Visual Studio Version 17
VisualStudioVersion = 17.3.32922.545
MinimumVisualStudioVersion = 10.0.40219.1
Project("{FAE04EC0-301F-11D3-BF4B-00C04F79EFBC}") = "ApiGateway.ForWeb", "ApiGatewayForWeb\ApiGateway.ForWeb.csproj", "{BFCBB6D5-F5FF-4EAB-AC17-AA5F5FC5CF14}"
EndProject
Global
	GlobalSection(SolutionConfigurationPlatforms) = preSolution
		Debug|Any CPU = Debug|Any CPU
		Release|Any CPU = Release|Any CPU
	EndGlobalSection
	GlobalSection(ProjectConfigurationPlatforms) = postSolution
		{BFCBB6D5-F5FF-4EAB-AC17-AA5F5FC5CF14}.Debug|Any CPU.ActiveCfg = Debug|Any CPU
		{BFCBB6D5-F5FF-4EAB-AC17-AA5F5FC5CF14}.Debug|Any CPU.Build.0 = Debug|Any CPU
		{BFCBB6D5-F5FF-4EAB-AC17-AA5F5FC5CF14}.Release|Any CPU.ActiveCfg = Release|Any CPU
		{BFCBB6D5-F5FF-4EAB-AC17-AA5F5FC5CF14}.Release|Any CPU.Build.0 = Release|Any CPU
	EndGlobalSection
	GlobalSection(SolutionProperties) = preSolution
		HideSolutionNode = FALSE
	EndGlobalSection
	GlobalSection(ExtensibilityGlobals) = postSolution
		SolutionGuid = {B34DA9F1-C045-428E-B957-25213CC0BB7C}
	EndGlobalSection
EndGlobal
