
Microsoft Visual Studio Solution File, Format Version 12.00
# Visual Studio Version 17
VisualStudioVersion = 17.0.31912.275
MinimumVisualStudioVersion = 10.0.40219.1
Project("{FAE04EC0-301F-11D3-BF4B-00C04F79EFBC}") = "Microservices.Admin.Frontend", "Microservices.Admin.Frontend\Microservices.Admin.Frontend.csproj", "{73DB8FB8-6B2F-4ED2-BE8B-B0681370560D}"
EndProject
Global
	GlobalSection(SolutionConfigurationPlatforms) = preSolution
		Debug|Any CPU = Debug|Any CPU
		Release|Any CPU = Release|Any CPU
	EndGlobalSection
	GlobalSection(ProjectConfigurationPlatforms) = postSolution
		{73DB8FB8-6B2F-4ED2-BE8B-B0681370560D}.Debug|Any CPU.ActiveCfg = Debug|Any CPU
		{73DB8FB8-6B2F-4ED2-BE8B-B0681370560D}.Debug|Any CPU.Build.0 = Debug|Any CPU
		{73DB8FB8-6B2F-4ED2-BE8B-B0681370560D}.Release|Any CPU.ActiveCfg = Release|Any CPU
		{73DB8FB8-6B2F-4ED2-BE8B-B0681370560D}.Release|Any CPU.Build.0 = Release|Any CPU
	EndGlobalSection
	GlobalSection(SolutionProperties) = preSolution
		HideSolutionNode = FALSE
	EndGlobalSection
	GlobalSection(ExtensibilityGlobals) = postSolution
		SolutionGuid = {ECD07BBF-68EA-4A5C-9677-E56FEF05C013}
	EndGlobalSection
EndGlobal
