
Microsoft Visual Studio Solution File, Format Version 12.00
# Visual Studio Version 16
VisualStudioVersion = 16.0.31205.134
MinimumVisualStudioVersion = 10.0.40219.1
Project("{9A19103F-16F7-4668-BE54-9A1E7A4F7556}") = "ProductService", "ProductService\ProductService.csproj", "{24BEACC4-7063-4006-9F51-8596D487B8C4}"
EndProject
Project("{2150E333-8FDC-42A3-9474-1A3956D46DE8}") = "Solution Items", "Solution Items", "{5059194F-76D4-4468-9157-8B4E542A7CEE}"
	ProjectSection(SolutionItems) = preProject
		platforms-depl.yaml = platforms-depl.yaml
	EndProjectSection
EndProject
Global
	GlobalSection(SolutionConfigurationPlatforms) = preSolution
		Debug|Any CPU = Debug|Any CPU
		Release|Any CPU = Release|Any CPU
	EndGlobalSection
	GlobalSection(ProjectConfigurationPlatforms) = postSolution
		{24BEACC4-7063-4006-9F51-8596D487B8C4}.Debug|Any CPU.ActiveCfg = Debug|Any CPU
		{24BEACC4-7063-4006-9F51-8596D487B8C4}.Debug|Any CPU.Build.0 = Debug|Any CPU
		{24BEACC4-7063-4006-9F51-8596D487B8C4}.Release|Any CPU.ActiveCfg = Release|Any CPU
		{24BEACC4-7063-4006-9F51-8596D487B8C4}.Release|Any CPU.Build.0 = Release|Any CPU
	EndGlobalSection
	GlobalSection(SolutionProperties) = preSolution
		HideSolutionNode = FALSE
	EndGlobalSection
	GlobalSection(ExtensibilityGlobals) = postSolution
		SolutionGuid = {25D1A447-19AE-440E-91CF-A480C3BE921E}
	EndGlobalSection
EndGlobal
